
Microsoft Visual Studio Solution File, Format Version 12.00
# Visual Studio Version 16
VisualStudioVersion = 16.0.29709.97
MinimumVisualStudioVersion = 10.0.40219.1
Project("{9A19103F-16F7-4668-BE54-9A1E7A4F7556}") = "MvvX.Plugins.SoundManager", "MvvX.Plugins.SoundManager\MvvX.Plugins.SoundManager.csproj", "{35D1968D-2C95-497B-BC7D-A286089BE12F}"
EndProject
Project("{2150E333-8FDC-42A3-9474-1A3956D46DE8}") = "Libraries", "Libraries", "{E85DE200-40EA-4C7C-9B53-4AE51D615EB1}"
EndProject
Global
	GlobalSection(SolutionConfigurationPlatforms) = preSolution
		Debug|Any CPU = Debug|Any CPU
		Release|Any CPU = Release|Any CPU
	EndGlobalSection
	GlobalSection(ProjectConfigurationPlatforms) = postSolution
		{35D1968D-2C95-497B-BC7D-A286089BE12F}.Debug|Any CPU.ActiveCfg = Debug|Any CPU
		{35D1968D-2C95-497B-BC7D-A286089BE12F}.Debug|Any CPU.Build.0 = Debug|Any CPU
		{35D1968D-2C95-497B-BC7D-A286089BE12F}.Release|Any CPU.ActiveCfg = Release|Any CPU
		{35D1968D-2C95-497B-BC7D-A286089BE12F}.Release|Any CPU.Build.0 = Release|Any CPU
	EndGlobalSection
	GlobalSection(SolutionProperties) = preSolution
		HideSolutionNode = FALSE
	EndGlobalSection
	GlobalSection(NestedProjects) = preSolution
		{35D1968D-2C95-497B-BC7D-A286089BE12F} = {E85DE200-40EA-4C7C-9B53-4AE51D615EB1}
	EndGlobalSection
	GlobalSection(ExtensibilityGlobals) = postSolution
		SolutionGuid = {A631AB49-229B-423A-A67B-5C30C783AB3C}
	EndGlobalSection
EndGlobal
